{
  "name": "ball-clock",
  "version": "1.0.0",
  "lockfileVersion": 1,
  "requires": true,
  "dependencies": {
    "@angular/router": {
      "version": "5.2.3",
      "resolved": "https://registry.npmjs.org/@angular/router/-/router-5.2.3.tgz",
      "integrity": "sha512-XVEpwNZta76FYas1gZSSGvkQoiGgQjvXfab6CwOh958d4c0C+9pJsykqsv6X/n8TSTShQt7wjs/vp/copXeuoA==",
      "requires": {
        "tslib": "1.9.0"
      }
    },
    "opts": {
      "version": "1.2.6",
      "resolved": "https://registry.npmjs.org/opts/-/opts-1.2.6.tgz",
      "integrity": "sha1-0YXAQlz9652h0YKQi2W1wCOP67M="
    },
    "tslib": {
      "version": "1.9.0",
      "resolved": "https://registry.npmjs.org/tslib/-/tslib-1.9.0.tgz",
      "integrity": "sha512-f/qGG2tUkrISBlQZEjEqoZ3B2+npJjIf04H1wuAv9iA8i04Icp+61KRXxFdha22670NJopsZCIjhC3SnjPRKrQ=="
    }
  }
}
